
Microsoft Visual Studio Solution File, Format Version 12.00
# Visual Studio Version 18
VisualStudioVersion = 18.5.11723.231
MinimumVisualStudioVersion = 10.0.40219.1
Project("{2150E333-8FDC-42A3-9474-1A3956D46DE8}") = "Blossom", "Blossom", "{02EA681E-C7D8-13C7-8484-4AC65E1B71E8}"
EndProject
Project("{FAE04EC0-301F-11D3-BF4B-00C04F79EFBC}") = "Sparc.Core", "..\blossom\Sparc.Core\Sparc.Core.csproj", "{41D0AB49-1DBE-5170-2F08-B885A1308DCB}"
EndProject
Project("{FAE04EC0-301F-11D3-BF4B-00C04F79EFBC}") = "Sparc.Blossom.Data.Cosmos", "..\blossom\Sparc.Blossom.Data.Cosmos\Sparc.Blossom.Data.Cosmos.csproj", "{3159DDC7-2CED-C92F-025B-BB7AEDA7B672}"
EndProject
Project("{FAE04EC0-301F-11D3-BF4B-00C04F79EFBC}") = "Sparc.Blossom", "..\blossom\Sparc.Blossom\Sparc.Blossom.csproj", "{37E3276A-635C-3080-B16F-F824D7E61428}"
EndProject
Project("{FAE04EC0-301F-11D3-BF4B-00C04F79EFBC}") = "Sparc.Blossom.Engine", "..\blossom\Sparc.Blossom.Engine\Sparc.Blossom.Engine.csproj", "{F40B0A7B-FFAF-22E7-6D8C-CE4AC44782B3}"
EndProject
Project("{FAE04EC0-301F-11D3-BF4B-00C04F79EFBC}") = "Sparc.Blossom.Data.AzureStorage", "..\blossom\Sparc.Blossom.Data.AzureStorage\Sparc.Blossom.Data.AzureStorage.csproj", "{D6B40988-1142-F98D-1C53-1B4F451D9403}"
EndProject
Project("{FAE04EC0-301F-11D3-BF4B-00C04F79EFBC}") = "Kori", "Kori\Kori.csproj", "{623B1414-9607-4CC9-BC14-0E47E700228D}"
EndProject
Project("{FAE04EC0-301F-11D3-BF4B-00C04F79EFBC}") = "Kori.Example", "Kori.Example\Kori.Example.csproj", "{B7EBFD82-1521-4690-B445-19AA62BB2536}"
EndProject
Global
	GlobalSection(SolutionConfigurationPlatforms) = preSolution
		Debug|Any CPU = Debug|Any CPU
		Release|Any CPU = Release|Any CPU
	EndGlobalSection
	GlobalSection(ProjectConfigurationPlatforms) = postSolution
		{41D0AB49-1DBE-5170-2F08-B885A1308DCB}.Debug|Any CPU.ActiveCfg = Debug|Any CPU
		{41D0AB49-1DBE-5170-2F08-B885A1308DCB}.Debug|Any CPU.Build.0 = Debug|Any CPU
		{41D0AB49-1DBE-5170-2F08-B885A1308DCB}.Release|Any CPU.ActiveCfg = Release|Any CPU
		{41D0AB49-1DBE-5170-2F08-B885A1308DCB}.Release|Any CPU.Build.0 = Release|Any CPU
		{3159DDC7-2CED-C92F-025B-BB7AEDA7B672}.Debug|Any CPU.ActiveCfg = Debug|Any CPU
		{3159DDC7-2CED-C92F-025B-BB7AEDA7B672}.Debug|Any CPU.Build.0 = Debug|Any CPU
		{3159DDC7-2CED-C92F-025B-BB7AEDA7B672}.Release|Any CPU.ActiveCfg = Release|Any CPU
		{3159DDC7-2CED-C92F-025B-BB7AEDA7B672}.Release|Any CPU.Build.0 = Release|Any CPU
		{37E3276A-635C-3080-B16F-F824D7E61428}.Debug|Any CPU.ActiveCfg = Debug|Any CPU
		{37E3276A-635C-3080-B16F-F824D7E61428}.Debug|Any CPU.Build.0 = Debug|Any CPU
		{37E3276A-635C-3080-B16F-F824D7E61428}.Release|Any CPU.ActiveCfg = Release|Any CPU
		{37E3276A-635C-3080-B16F-F824D7E61428}.Release|Any CPU.Build.0 = Release|Any CPU
		{F40B0A7B-FFAF-22E7-6D8C-CE4AC44782B3}.Debug|Any CPU.ActiveCfg = Debug|Any CPU
		{F40B0A7B-FFAF-22E7-6D8C-CE4AC44782B3}.Debug|Any CPU.Build.0 = Debug|Any CPU
		{F40B0A7B-FFAF-22E7-6D8C-CE4AC44782B3}.Release|Any CPU.ActiveCfg = Release|Any CPU
		{F40B0A7B-FFAF-22E7-6D8C-CE4AC44782B3}.Release|Any CPU.Build.0 = Release|Any CPU
		{D6B40988-1142-F98D-1C53-1B4F451D9403}.Debug|Any CPU.ActiveCfg = Debug|Any CPU
		{D6B40988-1142-F98D-1C53-1B4F451D9403}.Debug|Any CPU.Build.0 = Debug|Any CPU
		{D6B40988-1142-F98D-1C53-1B4F451D9403}.Release|Any CPU.ActiveCfg = Release|Any CPU
		{D6B40988-1142-F98D-1C53-1B4F451D9403}.Release|Any CPU.Build.0 = Release|Any CPU
		{623B1414-9607-4CC9-BC14-0E47E700228D}.Debug|Any CPU.ActiveCfg = Debug|Any CPU
		{623B1414-9607-4CC9-BC14-0E47E700228D}.Debug|Any CPU.Build.0 = Debug|Any CPU
		{623B1414-9607-4CC9-BC14-0E47E700228D}.Release|Any CPU.ActiveCfg = Release|Any CPU
		{623B1414-9607-4CC9-BC14-0E47E700228D}.Release|Any CPU.Build.0 = Release|Any CPU
		{B7EBFD82-1521-4690-B445-19AA62BB2536}.Debug|Any CPU.ActiveCfg = Debug|Any CPU
		{B7EBFD82-1521-4690-B445-19AA62BB2536}.Debug|Any CPU.Build.0 = Debug|Any CPU
		{B7EBFD82-1521-4690-B445-19AA62BB2536}.Release|Any CPU.ActiveCfg = Release|Any CPU
		{B7EBFD82-1521-4690-B445-19AA62BB2536}.Release|Any CPU.Build.0 = Release|Any CPU
	EndGlobalSection
	GlobalSection(SolutionProperties) = preSolution
		HideSolutionNode = FALSE
	EndGlobalSection
	GlobalSection(NestedProjects) = preSolution
		{41D0AB49-1DBE-5170-2F08-B885A1308DCB} = {02EA681E-C7D8-13C7-8484-4AC65E1B71E8}
		{3159DDC7-2CED-C92F-025B-BB7AEDA7B672} = {02EA681E-C7D8-13C7-8484-4AC65E1B71E8}
		{37E3276A-635C-3080-B16F-F824D7E61428} = {02EA681E-C7D8-13C7-8484-4AC65E1B71E8}
		{F40B0A7B-FFAF-22E7-6D8C-CE4AC44782B3} = {02EA681E-C7D8-13C7-8484-4AC65E1B71E8}
		{D6B40988-1142-F98D-1C53-1B4F451D9403} = {02EA681E-C7D8-13C7-8484-4AC65E1B71E8}
	EndGlobalSection
	GlobalSection(ExtensibilityGlobals) = postSolution
		SolutionGuid = {CA22A9DA-4301-45E8-993F-2CE7EAAF73A2}
	EndGlobalSection
EndGlobal
