
Microsoft Visual Studio Solution File, Format Version 12.00
# Visual Studio Version 17
VisualStudioVersion = 17.10.34916.146
MinimumVisualStudioVersion = 10.0.40219.1
Project("{FAE04EC0-301F-11D3-BF4B-00C04F79EFBC}") = "Sparc.Kori.Translate", "Sparc.Kori.Translate\Sparc.Kori.Translate.csproj", "{A6459CA5-C906-4222-AC32-1AFFF736776C}"
EndProject
Project("{2150E333-8FDC-42A3-9474-1A3956D46DE8}") = "Sparc.Engine", "Sparc.Engine", "{02EA681E-C7D8-13C7-8484-4AC65E1B71E8}"
EndProject
Project("{FAE04EC0-301F-11D3-BF4B-00C04F79EFBC}") = "Sparc.Blossom.Core", "..\blossom\Sparc.Blossom.Core\Sparc.Blossom.Core.csproj", "{41D0AB49-1DBE-5170-2F08-B885A1308DCB}"
EndProject
Project("{FAE04EC0-301F-11D3-BF4B-00C04F79EFBC}") = "Sparc.Blossom.Cloud", "..\blossom\Sparc.Blossom.Cloud\Sparc.Blossom.Cloud.csproj", "{256CDF04-73BC-B253-61E4-3F07568FA29E}"
EndProject
Project("{FAE04EC0-301F-11D3-BF4B-00C04F79EFBC}") = "Sparc.Blossom.Data.Cosmos", "..\blossom\Sparc.Blossom.Data.Cosmos\Sparc.Blossom.Data.Cosmos.csproj", "{3159DDC7-2CED-C92F-025B-BB7AEDA7B672}"
EndProject
Global
	GlobalSection(SolutionConfigurationPlatforms) = preSolution
		Debug|Any CPU = Debug|Any CPU
		Release|Any CPU = Release|Any CPU
	EndGlobalSection
	GlobalSection(ProjectConfigurationPlatforms) = postSolution
		{A6459CA5-C906-4222-AC32-1AFFF736776C}.Debug|Any CPU.ActiveCfg = Debug|Any CPU
		{A6459CA5-C906-4222-AC32-1AFFF736776C}.Debug|Any CPU.Build.0 = Debug|Any CPU
		{A6459CA5-C906-4222-AC32-1AFFF736776C}.Release|Any CPU.ActiveCfg = Release|Any CPU
		{A6459CA5-C906-4222-AC32-1AFFF736776C}.Release|Any CPU.Build.0 = Release|Any CPU
		{41D0AB49-1DBE-5170-2F08-B885A1308DCB}.Debug|Any CPU.ActiveCfg = Debug|Any CPU
		{41D0AB49-1DBE-5170-2F08-B885A1308DCB}.Debug|Any CPU.Build.0 = Debug|Any CPU
		{41D0AB49-1DBE-5170-2F08-B885A1308DCB}.Release|Any CPU.ActiveCfg = Release|Any CPU
		{41D0AB49-1DBE-5170-2F08-B885A1308DCB}.Release|Any CPU.Build.0 = Release|Any CPU
		{256CDF04-73BC-B253-61E4-3F07568FA29E}.Debug|Any CPU.ActiveCfg = Debug|Any CPU
		{256CDF04-73BC-B253-61E4-3F07568FA29E}.Debug|Any CPU.Build.0 = Debug|Any CPU
		{256CDF04-73BC-B253-61E4-3F07568FA29E}.Release|Any CPU.ActiveCfg = Release|Any CPU
		{256CDF04-73BC-B253-61E4-3F07568FA29E}.Release|Any CPU.Build.0 = Release|Any CPU
		{3159DDC7-2CED-C92F-025B-BB7AEDA7B672}.Debug|Any CPU.ActiveCfg = Debug|Any CPU
		{3159DDC7-2CED-C92F-025B-BB7AEDA7B672}.Debug|Any CPU.Build.0 = Debug|Any CPU
		{3159DDC7-2CED-C92F-025B-BB7AEDA7B672}.Release|Any CPU.ActiveCfg = Release|Any CPU
		{3159DDC7-2CED-C92F-025B-BB7AEDA7B672}.Release|Any CPU.Build.0 = Release|Any CPU
	EndGlobalSection
	GlobalSection(SolutionProperties) = preSolution
		HideSolutionNode = FALSE
	EndGlobalSection
	GlobalSection(NestedProjects) = preSolution
		{41D0AB49-1DBE-5170-2F08-B885A1308DCB} = {02EA681E-C7D8-13C7-8484-4AC65E1B71E8}
		{256CDF04-73BC-B253-61E4-3F07568FA29E} = {02EA681E-C7D8-13C7-8484-4AC65E1B71E8}
		{3159DDC7-2CED-C92F-025B-BB7AEDA7B672} = {02EA681E-C7D8-13C7-8484-4AC65E1B71E8}
	EndGlobalSection
	GlobalSection(ExtensibilityGlobals) = postSolution
		SolutionGuid = {CA22A9DA-4301-45E8-993F-2CE7EAAF73A2}
	EndGlobalSection
EndGlobal
